
Microsoft Visual Studio Solution File, Format Version 12.00
# Visual Studio Version 17
VisualStudioVersion = 17.2.32602.215
MinimumVisualStudioVersion = 10.0.40219.1
Project("{9A19103F-16F7-4668-BE54-9A1E7A4F7556}") = "Economy", "Economy\Economy.csproj", "{4F01FC60-9F8B-4793-9D13-E0DDD7E4357E}"
EndProject
Project("{9A19103F-16F7-4668-BE54-9A1E7A4F7556}") = "DTO", "DTO\DTO.csproj", "{632813EE-1405-4910-9CAE-1BA3FF548220}"
EndProject
Project("{FAE04EC0-301F-11D3-BF4B-00C04F79EFBC}") = "Web_Client", "Web_Client\Web_Client.csproj", "{DF8BDDB5-B2E9-4039-B25D-A4809AEF99F8}"
EndProject
Global
	GlobalSection(SolutionConfigurationPlatforms) = preSolution
		Debug|Any CPU = Debug|Any CPU
		Release|Any CPU = Release|Any CPU
	EndGlobalSection
	GlobalSection(ProjectConfigurationPlatforms) = postSolution
		{4F01FC60-9F8B-4793-9D13-E0DDD7E4357E}.Debug|Any CPU.ActiveCfg = Debug|Any CPU
		{4F01FC60-9F8B-4793-9D13-E0DDD7E4357E}.Debug|Any CPU.Build.0 = Debug|Any CPU
		{4F01FC60-9F8B-4793-9D13-E0DDD7E4357E}.Release|Any CPU.ActiveCfg = Release|Any CPU
		{4F01FC60-9F8B-4793-9D13-E0DDD7E4357E}.Release|Any CPU.Build.0 = Release|Any CPU
		{632813EE-1405-4910-9CAE-1BA3FF548220}.Debug|Any CPU.ActiveCfg = Debug|Any CPU
		{632813EE-1405-4910-9CAE-1BA3FF548220}.Debug|Any CPU.Build.0 = Debug|Any CPU
		{632813EE-1405-4910-9CAE-1BA3FF548220}.Release|Any CPU.ActiveCfg = Release|Any CPU
		{632813EE-1405-4910-9CAE-1BA3FF548220}.Release|Any CPU.Build.0 = Release|Any CPU
		{DF8BDDB5-B2E9-4039-B25D-A4809AEF99F8}.Debug|Any CPU.ActiveCfg = Debug|Any CPU
		{DF8BDDB5-B2E9-4039-B25D-A4809AEF99F8}.Debug|Any CPU.Build.0 = Debug|Any CPU
		{DF8BDDB5-B2E9-4039-B25D-A4809AEF99F8}.Release|Any CPU.ActiveCfg = Release|Any CPU
		{DF8BDDB5-B2E9-4039-B25D-A4809AEF99F8}.Release|Any CPU.Build.0 = Release|Any CPU
	EndGlobalSection
	GlobalSection(SolutionProperties) = preSolution
		HideSolutionNode = FALSE
	EndGlobalSection
	GlobalSection(ExtensibilityGlobals) = postSolution
		SolutionGuid = {CF9A8CD5-FBE7-405F-AF54-ED92E9B00EE3}
	EndGlobalSection
EndGlobal
